
Microsoft Visual Studio Solution File, Format Version 12.00
# Visual Studio 15
VisualStudioVersion = 15.0.27703.2026
MinimumVisualStudioVersion = 10.0.40219.1
Project("{2150E333-8FDC-42A3-9474-1A3956D46DE8}") = "Host", "Host", "{31745155-3467-4669-A388-6457D7283395}"
EndProject
Project("{2150E333-8FDC-42A3-9474-1A3956D46DE8}") = "TalentCore", "TalentCore", "{0AB80835-A8F7-47B3-AF78-F98EBF2B9304}"
EndProject
Project("{9A19103F-16F7-4668-BE54-9A1E7A4F7556}") = "BusinessContract", "BusinessContract\BusinessContract.csproj", "{B8F505A1-6141-441C-82B3-6E5102CB2567}"
EndProject
Project("{9A19103F-16F7-4668-BE54-9A1E7A4F7556}") = "BusinessCore", "BusinessCore\BusinessCore.csproj", "{BEAA9459-A7AF-42D8-8E99-5737837834B3}"
EndProject
Project("{2150E333-8FDC-42A3-9474-1A3956D46DE8}") = "TalentRepository", "TalentRepository", "{D858A00F-9BCA-448C-8CF4-AB3A2427E2A0}"
EndProject
Project("{2150E333-8FDC-42A3-9474-1A3956D46DE8}") = "Utilities", "Utilities", "{734BFA71-8B3C-4738-A581-03784A696EE7}"
EndProject
Project("{9A19103F-16F7-4668-BE54-9A1E7A4F7556}") = "UtilityServices", "UtilityServices\UtilityServices.csproj", "{1C4F7193-5A2E-49E7-938F-BA025AA213D9}"
EndProject
Project("{FAE04EC0-301F-11D3-BF4B-00C04F79EFBC}") = "WebHost", "WebHost\WebHost.csproj", "{31D61D55-988B-488D-A57D-A4EDE969DF0F}"
EndProject
Project("{FAE04EC0-301F-11D3-BF4B-00C04F79EFBC}") = "TalentRepository", "TalentRepository\TalentRepository.csproj", "{BE53BCC8-D212-419D-A70C-763F6C736D67}"
EndProject
Project("{2150E333-8FDC-42A3-9474-1A3956D46DE8}") = "UnitTesting", "UnitTesting", "{C0D8D5A5-C430-4C1F-9D30-44ED88E0F6EE}"
EndProject
Project("{FAE04EC0-301F-11D3-BF4B-00C04F79EFBC}") = "UnitTestProject", "UnitTestProject\UnitTestProject.csproj", "{AE4D4C3E-A8B7-423B-AB80-89C452285AAE}"
EndProject
Global
	GlobalSection(SolutionConfigurationPlatforms) = preSolution
		Debug|Any CPU = Debug|Any CPU
		Debug|ARM = Debug|ARM
		Debug|x64 = Debug|x64
		Debug|x86 = Debug|x86
		Release|Any CPU = Release|Any CPU
		Release|ARM = Release|ARM
		Release|x64 = Release|x64
		Release|x86 = Release|x86
	EndGlobalSection
	GlobalSection(ProjectConfigurationPlatforms) = postSolution
		{B8F505A1-6141-441C-82B3-6E5102CB2567}.Debug|Any CPU.ActiveCfg = Debug|Any CPU
		{B8F505A1-6141-441C-82B3-6E5102CB2567}.Debug|Any CPU.Build.0 = Debug|Any CPU
		{B8F505A1-6141-441C-82B3-6E5102CB2567}.Debug|ARM.ActiveCfg = Debug|Any CPU
		{B8F505A1-6141-441C-82B3-6E5102CB2567}.Debug|ARM.Build.0 = Debug|Any CPU
		{B8F505A1-6141-441C-82B3-6E5102CB2567}.Debug|x64.ActiveCfg = Debug|Any CPU
		{B8F505A1-6141-441C-82B3-6E5102CB2567}.Debug|x64.Build.0 = Debug|Any CPU
		{B8F505A1-6141-441C-82B3-6E5102CB2567}.Debug|x86.ActiveCfg = Debug|Any CPU
		{B8F505A1-6141-441C-82B3-6E5102CB2567}.Debug|x86.Build.0 = Debug|Any CPU
		{B8F505A1-6141-441C-82B3-6E5102CB2567}.Release|Any CPU.ActiveCfg = Release|Any CPU
		{B8F505A1-6141-441C-82B3-6E5102CB2567}.Release|Any CPU.Build.0 = Release|Any CPU
		{B8F505A1-6141-441C-82B3-6E5102CB2567}.Release|ARM.ActiveCfg = Release|Any CPU
		{B8F505A1-6141-441C-82B3-6E5102CB2567}.Release|ARM.Build.0 = Release|Any CPU
		{B8F505A1-6141-441C-82B3-6E5102CB2567}.Release|x64.ActiveCfg = Release|Any CPU
		{B8F505A1-6141-441C-82B3-6E5102CB2567}.Release|x64.Build.0 = Release|Any CPU
		{B8F505A1-6141-441C-82B3-6E5102CB2567}.Release|x86.ActiveCfg = Release|Any CPU
		{B8F505A1-6141-441C-82B3-6E5102CB2567}.Release|x86.Build.0 = Release|Any CPU
		{BEAA9459-A7AF-42D8-8E99-5737837834B3}.Debug|Any CPU.ActiveCfg = Debug|Any CPU
		{BEAA9459-A7AF-42D8-8E99-5737837834B3}.Debug|Any CPU.Build.0 = Debug|Any CPU
		{BEAA9459-A7AF-42D8-8E99-5737837834B3}.Debug|ARM.ActiveCfg = Debug|Any CPU
		{BEAA9459-A7AF-42D8-8E99-5737837834B3}.Debug|ARM.Build.0 = Debug|Any CPU
		{BEAA9459-A7AF-42D8-8E99-5737837834B3}.Debug|x64.ActiveCfg = Debug|Any CPU
		{BEAA9459-A7AF-42D8-8E99-5737837834B3}.Debug|x64.Build.0 = Debug|Any CPU
		{BEAA9459-A7AF-42D8-8E99-5737837834B3}.Debug|x86.ActiveCfg = Debug|Any CPU
		{BEAA9459-A7AF-42D8-8E99-5737837834B3}.Debug|x86.Build.0 = Debug|Any CPU
		{BEAA9459-A7AF-42D8-8E99-5737837834B3}.Release|Any CPU.ActiveCfg = Release|Any CPU
		{BEAA9459-A7AF-42D8-8E99-5737837834B3}.Release|Any CPU.Build.0 = Release|Any CPU
		{BEAA9459-A7AF-42D8-8E99-5737837834B3}.Release|ARM.ActiveCfg = Release|Any CPU
		{BEAA9459-A7AF-42D8-8E99-5737837834B3}.Release|ARM.Build.0 = Release|Any CPU
		{BEAA9459-A7AF-42D8-8E99-5737837834B3}.Release|x64.ActiveCfg = Release|Any CPU
		{BEAA9459-A7AF-42D8-8E99-5737837834B3}.Release|x64.Build.0 = Release|Any CPU
		{BEAA9459-A7AF-42D8-8E99-5737837834B3}.Release|x86.ActiveCfg = Release|Any CPU
		{BEAA9459-A7AF-42D8-8E99-5737837834B3}.Release|x86.Build.0 = Release|Any CPU
		{1C4F7193-5A2E-49E7-938F-BA025AA213D9}.Debug|Any CPU.ActiveCfg = Debug|Any CPU
		{1C4F7193-5A2E-49E7-938F-BA025AA213D9}.Debug|Any CPU.Build.0 = Debug|Any CPU
		{1C4F7193-5A2E-49E7-938F-BA025AA213D9}.Debug|ARM.ActiveCfg = Debug|Any CPU
		{1C4F7193-5A2E-49E7-938F-BA025AA213D9}.Debug|ARM.Build.0 = Debug|Any CPU
		{1C4F7193-5A2E-49E7-938F-BA025AA213D9}.Debug|x64.ActiveCfg = Debug|Any CPU
		{1C4F7193-5A2E-49E7-938F-BA025AA213D9}.Debug|x64.Build.0 = Debug|Any CPU
		{1C4F7193-5A2E-49E7-938F-BA025AA213D9}.Debug|x86.ActiveCfg = Debug|Any CPU
		{1C4F7193-5A2E-49E7-938F-BA025AA213D9}.Debug|x86.Build.0 = Debug|Any CPU
		{1C4F7193-5A2E-49E7-938F-BA025AA213D9}.Release|Any CPU.ActiveCfg = Release|Any CPU
		{1C4F7193-5A2E-49E7-938F-BA025AA213D9}.Release|Any CPU.Build.0 = Release|Any CPU
		{1C4F7193-5A2E-49E7-938F-BA025AA213D9}.Release|ARM.ActiveCfg = Release|Any CPU
		{1C4F7193-5A2E-49E7-938F-BA025AA213D9}.Release|ARM.Build.0 = Release|Any CPU
		{1C4F7193-5A2E-49E7-938F-BA025AA213D9}.Release|x64.ActiveCfg = Release|Any CPU
		{1C4F7193-5A2E-49E7-938F-BA025AA213D9}.Release|x64.Build.0 = Release|Any CPU
		{1C4F7193-5A2E-49E7-938F-BA025AA213D9}.Release|x86.ActiveCfg = Release|Any CPU
		{1C4F7193-5A2E-49E7-938F-BA025AA213D9}.Release|x86.Build.0 = Release|Any CPU
		{31D61D55-988B-488D-A57D-A4EDE969DF0F}.Debug|Any CPU.ActiveCfg = Debug|Any CPU
		{31D61D55-988B-488D-A57D-A4EDE969DF0F}.Debug|Any CPU.Build.0 = Debug|Any CPU
		{31D61D55-988B-488D-A57D-A4EDE969DF0F}.Debug|ARM.ActiveCfg = Debug|Any CPU
		{31D61D55-988B-488D-A57D-A4EDE969DF0F}.Debug|ARM.Build.0 = Debug|Any CPU
		{31D61D55-988B-488D-A57D-A4EDE969DF0F}.Debug|x64.ActiveCfg = Debug|Any CPU
		{31D61D55-988B-488D-A57D-A4EDE969DF0F}.Debug|x64.Build.0 = Debug|Any CPU
		{31D61D55-988B-488D-A57D-A4EDE969DF0F}.Debug|x86.ActiveCfg = Debug|Any CPU
		{31D61D55-988B-488D-A57D-A4EDE969DF0F}.Debug|x86.Build.0 = Debug|Any CPU
		{31D61D55-988B-488D-A57D-A4EDE969DF0F}.Release|Any CPU.ActiveCfg = Release|Any CPU
		{31D61D55-988B-488D-A57D-A4EDE969DF0F}.Release|Any CPU.Build.0 = Release|Any CPU
		{31D61D55-988B-488D-A57D-A4EDE969DF0F}.Release|ARM.ActiveCfg = Release|Any CPU
		{31D61D55-988B-488D-A57D-A4EDE969DF0F}.Release|ARM.Build.0 = Release|Any CPU
		{31D61D55-988B-488D-A57D-A4EDE969DF0F}.Release|x64.ActiveCfg = Release|Any CPU
		{31D61D55-988B-488D-A57D-A4EDE969DF0F}.Release|x64.Build.0 = Release|Any CPU
		{31D61D55-988B-488D-A57D-A4EDE969DF0F}.Release|x86.ActiveCfg = Release|Any CPU
		{31D61D55-988B-488D-A57D-A4EDE969DF0F}.Release|x86.Build.0 = Release|Any CPU
		{BE53BCC8-D212-419D-A70C-763F6C736D67}.Debug|Any CPU.ActiveCfg = Debug|Any CPU
		{BE53BCC8-D212-419D-A70C-763F6C736D67}.Debug|Any CPU.Build.0 = Debug|Any CPU
		{BE53BCC8-D212-419D-A70C-763F6C736D67}.Debug|ARM.ActiveCfg = Debug|Any CPU
		{BE53BCC8-D212-419D-A70C-763F6C736D67}.Debug|ARM.Build.0 = Debug|Any CPU
		{BE53BCC8-D212-419D-A70C-763F6C736D67}.Debug|x64.ActiveCfg = Debug|Any CPU
		{BE53BCC8-D212-419D-A70C-763F6C736D67}.Debug|x64.Build.0 = Debug|Any CPU
		{BE53BCC8-D212-419D-A70C-763F6C736D67}.Debug|x86.ActiveCfg = Debug|Any CPU
		{BE53BCC8-D212-419D-A70C-763F6C736D67}.Debug|x86.Build.0 = Debug|Any CPU
		{BE53BCC8-D212-419D-A70C-763F6C736D67}.Release|Any CPU.ActiveCfg = Release|Any CPU
		{BE53BCC8-D212-419D-A70C-763F6C736D67}.Release|Any CPU.Build.0 = Release|Any CPU
		{BE53BCC8-D212-419D-A70C-763F6C736D67}.Release|ARM.ActiveCfg = Release|Any CPU
		{BE53BCC8-D212-419D-A70C-763F6C736D67}.Release|ARM.Build.0 = Release|Any CPU
		{BE53BCC8-D212-419D-A70C-763F6C736D67}.Release|x64.ActiveCfg = Release|Any CPU
		{BE53BCC8-D212-419D-A70C-763F6C736D67}.Release|x64.Build.0 = Release|Any CPU
		{BE53BCC8-D212-419D-A70C-763F6C736D67}.Release|x86.ActiveCfg = Release|Any CPU
		{BE53BCC8-D212-419D-A70C-763F6C736D67}.Release|x86.Build.0 = Release|Any CPU
		{AE4D4C3E-A8B7-423B-AB80-89C452285AAE}.Debug|Any CPU.ActiveCfg = Debug|Any CPU
		{AE4D4C3E-A8B7-423B-AB80-89C452285AAE}.Debug|Any CPU.Build.0 = Debug|Any CPU
		{AE4D4C3E-A8B7-423B-AB80-89C452285AAE}.Debug|ARM.ActiveCfg = Debug|Any CPU
		{AE4D4C3E-A8B7-423B-AB80-89C452285AAE}.Debug|ARM.Build.0 = Debug|Any CPU
		{AE4D4C3E-A8B7-423B-AB80-89C452285AAE}.Debug|x64.ActiveCfg = Debug|Any CPU
		{AE4D4C3E-A8B7-423B-AB80-89C452285AAE}.Debug|x64.Build.0 = Debug|Any CPU
		{AE4D4C3E-A8B7-423B-AB80-89C452285AAE}.Debug|x86.ActiveCfg = Debug|Any CPU
		{AE4D4C3E-A8B7-423B-AB80-89C452285AAE}.Debug|x86.Build.0 = Debug|Any CPU
		{AE4D4C3E-A8B7-423B-AB80-89C452285AAE}.Release|Any CPU.ActiveCfg = Release|Any CPU
		{AE4D4C3E-A8B7-423B-AB80-89C452285AAE}.Release|Any CPU.Build.0 = Release|Any CPU
		{AE4D4C3E-A8B7-423B-AB80-89C452285AAE}.Release|ARM.ActiveCfg = Release|Any CPU
		{AE4D4C3E-A8B7-423B-AB80-89C452285AAE}.Release|ARM.Build.0 = Release|Any CPU
		{AE4D4C3E-A8B7-423B-AB80-89C452285AAE}.Release|x64.ActiveCfg = Release|Any CPU
		{AE4D4C3E-A8B7-423B-AB80-89C452285AAE}.Release|x64.Build.0 = Release|Any CPU
		{AE4D4C3E-A8B7-423B-AB80-89C452285AAE}.Release|x86.ActiveCfg = Release|Any CPU
		{AE4D4C3E-A8B7-423B-AB80-89C452285AAE}.Release|x86.Build.0 = Release|Any CPU
	EndGlobalSection
	GlobalSection(SolutionProperties) = preSolution
		HideSolutionNode = FALSE
	EndGlobalSection
	GlobalSection(NestedProjects) = preSolution
		{B8F505A1-6141-441C-82B3-6E5102CB2567} = {0AB80835-A8F7-47B3-AF78-F98EBF2B9304}
		{BEAA9459-A7AF-42D8-8E99-5737837834B3} = {0AB80835-A8F7-47B3-AF78-F98EBF2B9304}
		{1C4F7193-5A2E-49E7-938F-BA025AA213D9} = {734BFA71-8B3C-4738-A581-03784A696EE7}
		{31D61D55-988B-488D-A57D-A4EDE969DF0F} = {31745155-3467-4669-A388-6457D7283395}
		{BE53BCC8-D212-419D-A70C-763F6C736D67} = {D858A00F-9BCA-448C-8CF4-AB3A2427E2A0}
		{AE4D4C3E-A8B7-423B-AB80-89C452285AAE} = {C0D8D5A5-C430-4C1F-9D30-44ED88E0F6EE}
	EndGlobalSection
	GlobalSection(ExtensibilityGlobals) = postSolution
		SolutionGuid = {667BB77A-90F2-47A0-B398-B66BAFD6A0F9}
	EndGlobalSection
EndGlobal
